
Microsoft Visual Studio Solution File, Format Version 12.00
# Visual Studio Version 17
VisualStudioVersion = 17.5.33530.505
MinimumVisualStudioVersion = 10.0.40219.1
Project("{9A19103F-16F7-4668-BE54-9A1E7A4F7556}") = "API", "API\API.csproj", "{83DF4AE3-B172-4C83-95FC-C15C8D7C1FFF}"
EndProject
Project("{9A19103F-16F7-4668-BE54-9A1E7A4F7556}") = "DataAccess", "DataAccess\DataAccess.csproj", "{F182FE58-3C94-4A24-9F3E-33C41353F29B}"
EndProject
Project("{FAE04EC0-301F-11D3-BF4B-00C04F79EFBC}") = "Server", "Server\Server.csproj", "{C155CFF9-0927-49BF-A03C-F57979F923C2}"
EndProject
Global
	GlobalSection(SolutionConfigurationPlatforms) = preSolution
		Debug|Any CPU = Debug|Any CPU
		Release|Any CPU = Release|Any CPU
	EndGlobalSection
	GlobalSection(ProjectConfigurationPlatforms) = postSolution
		{83DF4AE3-B172-4C83-95FC-C15C8D7C1FFF}.Debug|Any CPU.ActiveCfg = Debug|Any CPU
		{83DF4AE3-B172-4C83-95FC-C15C8D7C1FFF}.Debug|Any CPU.Build.0 = Debug|Any CPU
		{83DF4AE3-B172-4C83-95FC-C15C8D7C1FFF}.Release|Any CPU.ActiveCfg = Release|Any CPU
		{83DF4AE3-B172-4C83-95FC-C15C8D7C1FFF}.Release|Any CPU.Build.0 = Release|Any CPU
		{F182FE58-3C94-4A24-9F3E-33C41353F29B}.Debug|Any CPU.ActiveCfg = Debug|Any CPU
		{F182FE58-3C94-4A24-9F3E-33C41353F29B}.Debug|Any CPU.Build.0 = Debug|Any CPU
		{F182FE58-3C94-4A24-9F3E-33C41353F29B}.Release|Any CPU.ActiveCfg = Release|Any CPU
		{F182FE58-3C94-4A24-9F3E-33C41353F29B}.Release|Any CPU.Build.0 = Release|Any CPU
		{C155CFF9-0927-49BF-A03C-F57979F923C2}.Debug|Any CPU.ActiveCfg = Debug|Any CPU
		{C155CFF9-0927-49BF-A03C-F57979F923C2}.Debug|Any CPU.Build.0 = Debug|Any CPU
		{C155CFF9-0927-49BF-A03C-F57979F923C2}.Release|Any CPU.ActiveCfg = Release|Any CPU
		{C155CFF9-0927-49BF-A03C-F57979F923C2}.Release|Any CPU.Build.0 = Release|Any CPU
	EndGlobalSection
	GlobalSection(SolutionProperties) = preSolution
		HideSolutionNode = FALSE
	EndGlobalSection
	GlobalSection(ExtensibilityGlobals) = postSolution
		SolutionGuid = {9135C966-105E-4BF0-9344-522B8F349017}
	EndGlobalSection
EndGlobal
